<?xml version="1.0" encoding="utf-8"?>
<Project ToolsVersion="4.0" xmlns="http://schemas.microsoft.com/developer/msbuild/2003">
  <ItemGroup>
    <Filter Include="Source Files">
      <UniqueIdentifier>{4FC737F1-C7A5-4376-A066-2A32D752A2FF}</UniqueIdentifier>
      <Extensions>cpp;c;cc;cxx;def;odl;idl;hpj;bat;asm;asmx</Extensions>
    </Filter>
    <Filter Include="Header Files">
      <UniqueIdentifier>{93995380-89BD-4b04-88EB-625FBE52EBFB}</UniqueIdentifier>
      <Extensions>h;hpp;hxx;hm;inl;inc;xsd</Extensions>
    </Filter>
    <Filter Include="Resource Files">
      <UniqueIdentifier>{67DA6AB6-F800-4c08-8B7A-83BB121AAD01}</UniqueIdentifier>
      <Extensions>rc;ico;cur;bmp;dlg;rc2;rct;bin;rgs;gif;jpg;jpeg;jpe;resx;tiff;tif;png;wav;mfcribbon-ms</Extensions>
    </Filter>
    <Filter Include="Source Files\Parser">
      <UniqueIdentifier>{0dc89737-af4e-4f12-8818-63a351a323c7}</UniqueIdentifier>
    </Filter>
    <Filter Include="Header Files\Parser">
      <UniqueIdentifier>{0e3e92a7-e63c-4285-8c51-2f5a199a9c51}</UniqueIdentifier>
    </Filter>
    <Filter Include="Header Files\PKB">
      <UniqueIdentifier>{52ee5d48-e902-42ec-ac5f-da4cb0b5c49d}</UniqueIdentifier>
    </Filter>
    <Filter Include="Source Files\PKB">
      <UniqueIdentifier>{3298f1f6-ae5a-4e6c-a608-20d514f86b96}</UniqueIdentifier>
    </Filter>
    <Filter Include="Header Files\Design Extractor">
      <UniqueIdentifier>{015f0069-b174-4501-b1f3-7c466e6d385f}</UniqueIdentifier>
    </Filter>
    <Filter Include="Source Files\Design Extractor">
      <UniqueIdentifier>{7fdd739f-67ff-46eb-9c2e-45c99f84d8bd}</UniqueIdentifier>
    </Filter>
    <Filter Include="Header Files\Misc">
      <UniqueIdentifier>{86178070-2f09-47bb-87fa-290dcc063d7a}</UniqueIdentifier>
    </Filter>
    <Filter Include="Source Files\Misc">
      <UniqueIdentifier>{de5cd646-44c5-4e97-854c-28f382630bbb}</UniqueIdentifier>
    </Filter>
    <Filter Include="Header Files\Query Processor">
      <UniqueIdentifier>{d13c75e4-24fd-4338-82df-0aa91e6d30f4}</UniqueIdentifier>
    </Filter>
    <Filter Include="Source Files\Query Processor">
      <UniqueIdentifier>{95be50e6-2da8-4053-b99d-e7e14bb464a6}</UniqueIdentifier>
    </Filter>
  </ItemGroup>
  <ItemGroup>
    <ClInclude Include="stdafx.h">
      <Filter>Header Files</Filter>
    </ClInclude>
    <ClInclude Include="targetver.h">
      <Filter>Header Files</Filter>
    </ClInclude>
    <ClInclude Include="ASTNode.h">
      <Filter>Header Files\Parser</Filter>
    </ClInclude>
    <ClInclude Include="Parser.h">
      <Filter>Header Files\Parser</Filter>
    </ClInclude>
    <ClInclude Include="DesignExtractor.h">
      <Filter>Header Files\Design Extractor</Filter>
    </ClInclude>
    <ClInclude Include="PKBController.h">
      <Filter>Header Files\PKB</Filter>
    </ClInclude>
    <ClInclude Include="Follows.h">
      <Filter>Header Files\PKB</Filter>
    </ClInclude>
    <ClInclude Include="Parent.h">
      <Filter>Header Files\PKB</Filter>
    </ClInclude>
    <ClInclude Include="Modifies.h">
      <Filter>Header Files\PKB</Filter>
    </ClInclude>
    <ClInclude Include="AST.h">
      <Filter>Header Files\PKB</Filter>
    </ClInclude>
    <ClInclude Include="Uses.h">
      <Filter>Header Files\PKB</Filter>
    </ClInclude>
    <ClInclude Include="VarTable.h">
      <Filter>Header Files\PKB</Filter>
    </ClInclude>
    <ClInclude Include="SPAType.h">
      <Filter>Header Files\Misc</Filter>
    </ClInclude>
    <ClInclude Include="Utility.h">
      <Filter>Header Files\Misc</Filter>
    </ClInclude>
    <ClInclude Include="QueryPreProcessor.h">
      <Filter>Header Files\Query Processor</Filter>
    </ClInclude>
    <ClInclude Include="QueryProcessor.h">
      <Filter>Header Files\Query Processor</Filter>
    </ClInclude>
    <ClInclude Include="QueryEvaluator.h">
      <Filter>Header Files\Query Processor</Filter>
    </ClInclude>
    <ClInclude Include="ProcTable.h">
      <Filter>Header Files\PKB</Filter>
    </ClInclude>
    <ClInclude Include="CallTable.h">
      <Filter>Header Files\PKB</Filter>
    </ClInclude>
    <ClInclude Include="ModifiesP.h">
      <Filter>Header Files\PKB</Filter>
    </ClInclude>
    <ClInclude Include="UsesP.h">
      <Filter>Header Files\PKB</Filter>
    </ClInclude>
  </ItemGroup>
  <ItemGroup>
    <ClCompile Include="stdafx.cpp">
      <Filter>Source Files</Filter>
    </ClCompile>
    <ClCompile Include="SPA.cpp">
      <Filter>Source Files</Filter>
    </ClCompile>
    <ClCompile Include="ASTNode.cpp">
      <Filter>Source Files\Parser</Filter>
    </ClCompile>
    <ClCompile Include="Parser.cpp">
      <Filter>Source Files\Parser</Filter>
    </ClCompile>
    <ClCompile Include="Follows.cpp">
      <Filter>Source Files\PKB</Filter>
    </ClCompile>
    <ClCompile Include="Modifies.cpp">
      <Filter>Source Files\PKB</Filter>
    </ClCompile>
    <ClCompile Include="Parent.cpp">
      <Filter>Source Files\PKB</Filter>
    </ClCompile>
    <ClCompile Include="PKBController.cpp">
      <Filter>Source Files\PKB</Filter>
    </ClCompile>
    <ClCompile Include="DesignExtractor.cpp">
      <Filter>Source Files\Design Extractor</Filter>
    </ClCompile>
    <ClCompile Include="AST.cpp">
      <Filter>Source Files\PKB</Filter>
    </ClCompile>
    <ClCompile Include="VarTable.cpp">
      <Filter>Source Files\PKB</Filter>
    </ClCompile>
    <ClCompile Include="Uses.cpp">
      <Filter>Source Files\PKB</Filter>
    </ClCompile>
    <ClCompile Include="Utility.cpp">
      <Filter>Source Files\Misc</Filter>
    </ClCompile>
    <ClCompile Include="QueryPreProcessor.cpp">
      <Filter>Source Files\Query Processor</Filter>
    </ClCompile>
    <ClCompile Include="QueryProcessor.cpp">
      <Filter>Source Files\Query Processor</Filter>
    </ClCompile>
    <ClCompile Include="QueryEvaluator.cpp">
      <Filter>Source Files\Query Processor</Filter>
    </ClCompile>
    <ClCompile Include="ProcTable.cpp">
      <Filter>Source Files\PKB</Filter>
    </ClCompile>
    <ClCompile Include="UsesP.cpp">
      <Filter>Source Files\PKB</Filter>
    </ClCompile>
    <ClCompile Include="ModifiesP.cpp">
      <Filter>Source Files\PKB</Filter>
    </ClCompile>
    <ClCompile Include="CallTable.cpp">
      <Filter>Source Files\PKB</Filter>
    </ClCompile>
  </ItemGroup>
</Project>